{
  "version": 4,
  "terraform_version": "1.5.7",
  "serial": 14,
  "lineage": "722af93b-d7d2-e92c-0ec4-a1db7272a2ff",
  "outputs": {},
  "resources": [
    {
      "mode": "managed",
      "type": "local_file",
      "name": "pet",
      "provider": "provider[\"registry.terraform.io/hashicorp/local\"]",
      "instances": [
        {
          "schema_version": 0,
          "attributes": {
            "content": "We love dogs!",
            "content_base64": null,
            "content_base64sha256": "gmMOSwrASGKSNprRplv1xMace9vUF6pBbx3KR1fHf4c=",
            "content_base64sha512": "CRh5s+ktTy5y/2RxGr0w+Lth593mkxa0M/MWmgya97pO/0D1vZDEKs6rc3J5f2KHciMnB6KIcoSZ3x32lF9RQQ==",
            "content_md5": "c4b44ea5a6efd8a2d16df2b97dcce50e",
            "content_sha1": "9b0a54a41c74ce54e1b5ac42e2bbeb5b00959fdc",
            "content_sha256": "82630e4b0ac0486292369ad1a65bf5c4c69c7bdbd417aa416f1dca4757c77f87",
            "content_sha512": "091879b3e92d4f2e72ff64711abd30f8bb61e7dde69316b433f3169a0c9af7ba4eff40f5bd90c42aceab7372797f628772232707a288728499df1df6945f5141",
            "directory_permission": "0777",
            "file_permission": "666",
            "filename": "pets.txt",
            "id": "9b0a54a41c74ce54e1b5ac42e2bbeb5b00959fdc",
            "sensitive_content": null,
            "source": null
          },
          "sensitive_attributes": []
        }
      ]
    },
    {
      "mode": "managed",
      "type": "local_sensitive_file",
      "name": "EDEM",
      "provider": "provider[\"registry.terraform.io/hashicorp/local\"]",
      "instances": [
        {
          "schema_version": 0,
          "attributes": {
            "content": null,
            "content_base64": "TWUgZW5jYW50YSBlc3R1ZGlhcg==",
            "content_base64sha256": "MzMSoHnqdhGvwQkRH+yGqvo5UKxxHUxdULAugs6Q8Mg=",
            "content_base64sha512": "8exGhZ25z117Nn0uUMuvMJ6Juv0qHz5+2IFsEGpKYwucWN8vF3VNXNQuyketwPGlL5g6Vn/CiPN1ApGer94Mhw==",
            "content_md5": "03b0b377bc6f0a8afaf6fa57d106fa25",
            "content_sha1": "31f5c1aab5c390edece365d0057289d0c2b7de04",
            "content_sha256": "333312a079ea7611afc109111fec86aafa3950ac711d4c5d50b02e82ce90f0c8",
            "content_sha512": "f1ec46859db9cf5d7b367d2e50cbaf309e89bafd2a1f3e7ed8816c106a4a630b9c58df2f17754d5cd42eca47adc0f1a52f983a567fc288f37502919eafde0c87",
            "directory_permission": "0700",
            "file_permission": "0700",
            "filename": "EDEM.txt",
            "id": "31f5c1aab5c390edece365d0057289d0c2b7de04",
            "source": null
          },
          "sensitive_attributes": []
        }
      ]
    },
    {
      "mode": "managed",
      "type": "random_pet",
      "name": "my_pet",
      "provider": "provider[\"registry.terraform.io/hashicorp/random\"]",
      "instances": [
        {
          "schema_version": 0,
          "attributes": {
            "id": "tessa-monitor",
            "keepers": null,
            "length": 1,
            "prefix": "tessa",
            "separator": "-"
          },
          "sensitive_attributes": []
        }
      ]
    }
  ],
  "check_results": null
}
